
Microsoft Visual Studio Solution File, Format Version 12.00
# Visual Studio Version 17
VisualStudioVersion = 17.3.32825.248
MinimumVisualStudioVersion = 10.0.40219.1
Project("{9A19103F-16F7-4668-BE54-9A1E7A4F7556}") = "CryptoInformation", "CryptoInformation\CryptoInformation.csproj", "{FAF62B58-295D-4C11-BF67-78F5FA173B54}"
EndProject
Project("{9A19103F-16F7-4668-BE54-9A1E7A4F7556}") = "CryptoInterface", "CryptoInterface\CryptoInterface.csproj", "{82A9898C-C3FB-4B44-BED1-E6A84925415C}"
EndProject
Project("{9A19103F-16F7-4668-BE54-9A1E7A4F7556}") = "CryptoBll", "CryptoBll\CryptoBll.csproj", "{4875CE84-F5A6-4169-B27E-2BD3F7F5A363}"
EndProject
Project("{FAE04EC0-301F-11D3-BF4B-00C04F79EFBC}") = "API Test", "API Test\API Test.csproj", "{FEF0E880-F452-4B08-AE45-367260472B82}"
EndProject
Global
	GlobalSection(SolutionConfigurationPlatforms) = preSolution
		Debug|Any CPU = Debug|Any CPU
		Release|Any CPU = Release|Any CPU
	EndGlobalSection
	GlobalSection(ProjectConfigurationPlatforms) = postSolution
		{FAF62B58-295D-4C11-BF67-78F5FA173B54}.Debug|Any CPU.ActiveCfg = Debug|Any CPU
		{FAF62B58-295D-4C11-BF67-78F5FA173B54}.Debug|Any CPU.Build.0 = Debug|Any CPU
		{FAF62B58-295D-4C11-BF67-78F5FA173B54}.Release|Any CPU.ActiveCfg = Release|Any CPU
		{FAF62B58-295D-4C11-BF67-78F5FA173B54}.Release|Any CPU.Build.0 = Release|Any CPU
		{82A9898C-C3FB-4B44-BED1-E6A84925415C}.Debug|Any CPU.ActiveCfg = Debug|Any CPU
		{82A9898C-C3FB-4B44-BED1-E6A84925415C}.Debug|Any CPU.Build.0 = Debug|Any CPU
		{82A9898C-C3FB-4B44-BED1-E6A84925415C}.Release|Any CPU.ActiveCfg = Release|Any CPU
		{82A9898C-C3FB-4B44-BED1-E6A84925415C}.Release|Any CPU.Build.0 = Release|Any CPU
		{4875CE84-F5A6-4169-B27E-2BD3F7F5A363}.Debug|Any CPU.ActiveCfg = Debug|Any CPU
		{4875CE84-F5A6-4169-B27E-2BD3F7F5A363}.Debug|Any CPU.Build.0 = Debug|Any CPU
		{4875CE84-F5A6-4169-B27E-2BD3F7F5A363}.Release|Any CPU.ActiveCfg = Release|Any CPU
		{4875CE84-F5A6-4169-B27E-2BD3F7F5A363}.Release|Any CPU.Build.0 = Release|Any CPU
		{FEF0E880-F452-4B08-AE45-367260472B82}.Debug|Any CPU.ActiveCfg = Debug|Any CPU
		{FEF0E880-F452-4B08-AE45-367260472B82}.Debug|Any CPU.Build.0 = Debug|Any CPU
		{FEF0E880-F452-4B08-AE45-367260472B82}.Release|Any CPU.ActiveCfg = Release|Any CPU
		{FEF0E880-F452-4B08-AE45-367260472B82}.Release|Any CPU.Build.0 = Release|Any CPU
	EndGlobalSection
	GlobalSection(SolutionProperties) = preSolution
		HideSolutionNode = FALSE
	EndGlobalSection
	GlobalSection(ExtensibilityGlobals) = postSolution
		SolutionGuid = {C9E4AE2D-DE22-4849-B803-D296D941A987}
	EndGlobalSection
EndGlobal
